
Microsoft Visual Studio Solution File, Format Version 12.00
# Visual Studio 15
VisualStudioVersion = 15.0.27703.2000
MinimumVisualStudioVersion = 10.0.40219.1
Project("{FAE04EC0-301F-11D3-BF4B-00C04F79EFBC}") = "PagSeguroApi", "PagSeguroApi\PagSeguroApi.csproj", "{F8819C68-080B-44A9-A602-2E38D0674304}"
EndProject
Global
	GlobalSection(SolutionConfigurationPlatforms) = preSolution
		Debug|Any CPU = Debug|Any CPU
		Release|Any CPU = Release|Any CPU
	EndGlobalSection
	GlobalSection(ProjectConfigurationPlatforms) = postSolution
		{F8819C68-080B-44A9-A602-2E38D0674304}.Debug|Any CPU.ActiveCfg = Debug|Any CPU
		{F8819C68-080B-44A9-A602-2E38D0674304}.Debug|Any CPU.Build.0 = Debug|Any CPU
		{F8819C68-080B-44A9-A602-2E38D0674304}.Release|Any CPU.ActiveCfg = Release|Any CPU
		{F8819C68-080B-44A9-A602-2E38D0674304}.Release|Any CPU.Build.0 = Release|Any CPU
	EndGlobalSection
	GlobalSection(SolutionProperties) = preSolution
		HideSolutionNode = FALSE
	EndGlobalSection
	GlobalSection(ExtensibilityGlobals) = postSolution
		SolutionGuid = {9CBB7E86-5D2C-42EF-A1F7-3C885B03A93B}
	EndGlobalSection
EndGlobal
